
Microsoft Visual Studio Solution File, Format Version 12.00
# Visual Studio Version 17
VisualStudioVersion = 17.10.35027.167
MinimumVisualStudioVersion = 10.0.40219.1
Project("{9A19103F-16F7-4668-BE54-9A1E7A4F7556}") = "logregDemo1", "logregDemo1.csproj", "{CA2D665A-798B-455B-860C-56C4C36F0637}"
EndProject
Global
	GlobalSection(SolutionConfigurationPlatforms) = preSolution
		Debug|Any CPU = Debug|Any CPU
		Release|Any CPU = Release|Any CPU
	EndGlobalSection
	GlobalSection(ProjectConfigurationPlatforms) = postSolution
		{CA2D665A-798B-455B-860C-56C4C36F0637}.Debug|Any CPU.ActiveCfg = Debug|Any CPU
		{CA2D665A-798B-455B-860C-56C4C36F0637}.Debug|Any CPU.Build.0 = Debug|Any CPU
		{CA2D665A-798B-455B-860C-56C4C36F0637}.Release|Any CPU.ActiveCfg = Release|Any CPU
		{CA2D665A-798B-455B-860C-56C4C36F0637}.Release|Any CPU.Build.0 = Release|Any CPU
	EndGlobalSection
	GlobalSection(SolutionProperties) = preSolution
		HideSolutionNode = FALSE
	EndGlobalSection
	GlobalSection(ExtensibilityGlobals) = postSolution
		SolutionGuid = {2640C01C-3885-4F71-B26B-C897FEB94C4E}
	EndGlobalSection
EndGlobal
